# THIS IS AN AUTOGENERATED FILE. DO NOT EDIT THIS FILE DIRECTLY.
# yarn lockfile v1


"@rails/actioncable@^6.0.0":
  version "6.1.5"
  resolved "https://registry.yarnpkg.com/@rails/actioncable/-/actioncable-6.1.5.tgz#c24ec8123a8e7e239ceabda29078df9c93752394"
  integrity sha512-bV4/Q7NweGFm7t3GvUFm19UF2WKmcvlOXy7AxMWEZCwDxQLagAXhUpKb1AJ6Rg88cPHqXSQHaGKr84lIMd607A==

"@rails/activestorage@^6.0.0":
  version "6.1.5"
  resolved "https://registry.yarnpkg.com/@rails/activestorage/-/activestorage-6.1.5.tgz#a43929573b2ffae54857ffa3b7ac1988af42b681"
  integrity sha512-7L0eWqrguZIyvfPOpVoZRChuIgxbpBdwdVtprT6wrl5rUAbdyHr6AZczl1yS+5d6nBV0TqpVLaB1sGxi2aMbCQ==
  dependencies:
    spark-md5 "^3.0.0"

"@rails/ujs@^6.0.0":
  version "6.1.5"
  resolved "https://registry.yarnpkg.com/@rails/ujs/-/ujs-6.1.5.tgz#bb1afddd0d771f00924f44b21634969e329532e1"
  integrity sha512-Ir4yd2fdDldWIghavPr874copVKf6OOoecKHZiFRlPtm38tFvhyxr+ywzNieXGwolF9JQe3D5GrM8ejkzUgh5Q==

spark-md5@^3.0.0:
  version "3.0.2"
  resolved "https://registry.yarnpkg.com/spark-md5/-/spark-md5-3.0.2.tgz#7952c4a30784347abcee73268e473b9c0167e3fc"
  integrity sha512-wcFzz9cDfbuqe0FZzfi2or1sgyIrsDwmPwfZC4hiNidPdPINjeUwNfv5kldczoEAcjl9Y1L3SM7Uz2PUEQzxQw==

turbolinks@^5.2.0:
  version "5.2.0"
  resolved "https://registry.yarnpkg.com/turbolinks/-/turbolinks-5.2.0.tgz#e6877a55ea5c1cb3bb225f0a4ae303d6d32ff77c"
  integrity sha512-pMiez3tyBo6uRHFNNZoYMmrES/IaGgMhQQM+VFF36keryjb5ms0XkVpmKHkfW/4Vy96qiGW3K9bz0tF5sK9bBw==
